
Microsoft Visual Studio Solution File, Format Version 12.00
# Visual Studio Version 17
VisualStudioVersion = 17.3.32901.215
MinimumVisualStudioVersion = 10.0.40219.1
Project("{FAE04EC0-301F-11D3-BF4B-00C04F79EFBC}") = "ProyectoPuntoDeVenta", "PoryectoPuntoDeVenta\ProyectoPuntoDeVenta.csproj", "{77ACA33E-D3A2-4FFD-AE20-45A07DFBFE02}"
EndProject
Global
	GlobalSection(SolutionConfigurationPlatforms) = preSolution
		Debug|Any CPU = Debug|Any CPU
		Release|Any CPU = Release|Any CPU
	EndGlobalSection
	GlobalSection(ProjectConfigurationPlatforms) = postSolution
		{77ACA33E-D3A2-4FFD-AE20-45A07DFBFE02}.Debug|Any CPU.ActiveCfg = Debug|Any CPU
		{77ACA33E-D3A2-4FFD-AE20-45A07DFBFE02}.Debug|Any CPU.Build.0 = Debug|Any CPU
		{77ACA33E-D3A2-4FFD-AE20-45A07DFBFE02}.Release|Any CPU.ActiveCfg = Release|Any CPU
		{77ACA33E-D3A2-4FFD-AE20-45A07DFBFE02}.Release|Any CPU.Build.0 = Release|Any CPU
	EndGlobalSection
	GlobalSection(SolutionProperties) = preSolution
		HideSolutionNode = FALSE
	EndGlobalSection
	GlobalSection(ExtensibilityGlobals) = postSolution
		SolutionGuid = {053FD2B2-BC16-4773-ABE1-63266F8B4084}
	EndGlobalSection
EndGlobal
