
Microsoft Visual Studio Solution File, Format Version 12.00
# Visual Studio Version 17
VisualStudioVersion = 17.3.32901.215
MinimumVisualStudioVersion = 10.0.40219.1
Project("{FAE04EC0-301F-11D3-BF4B-00C04F79EFBC}") = "SistemaDeVentas", "ConsoleApp1\SistemaDeVentas.csproj", "{909AE2C2-7387-49E8-808E-D4E6FEDB95A4}"
EndProject
Global
	GlobalSection(SolutionConfigurationPlatforms) = preSolution
		Debug|Any CPU = Debug|Any CPU
		Release|Any CPU = Release|Any CPU
	EndGlobalSection
	GlobalSection(ProjectConfigurationPlatforms) = postSolution
		{909AE2C2-7387-49E8-808E-D4E6FEDB95A4}.Debug|Any CPU.ActiveCfg = Debug|Any CPU
		{909AE2C2-7387-49E8-808E-D4E6FEDB95A4}.Debug|Any CPU.Build.0 = Debug|Any CPU
		{909AE2C2-7387-49E8-808E-D4E6FEDB95A4}.Release|Any CPU.ActiveCfg = Release|Any CPU
		{909AE2C2-7387-49E8-808E-D4E6FEDB95A4}.Release|Any CPU.Build.0 = Release|Any CPU
	EndGlobalSection
	GlobalSection(SolutionProperties) = preSolution
		HideSolutionNode = FALSE
	EndGlobalSection
	GlobalSection(ExtensibilityGlobals) = postSolution
		SolutionGuid = {FCA5AF25-A120-4217-99BF-4BA958272A87}
	EndGlobalSection
EndGlobal
